{
  "name": "abap2ui5",
  "version": "1.0.0",
  "lockfileVersion": 2,
  "requires": true,
  "packages": {
    "": {
      "name": "abap2ui5",
      "version": "1.0.0",
      "license": "MIT",
      "devDependencies": {
        "@abaplint/cli": "^2.105.18",
        "@abaplint/database-sqlite": "^2.7.144",
        "@abaplint/runtime": "^2.7.158",
        "@abaplint/transpiler-cli": "^2.7.158"
      }
    },
    "node_modules/@abaplint/cli": {
      "version": "2.105.18",
      "resolved": "https://registry.npmjs.org/@abaplint/cli/-/cli-2.105.18.tgz",
      "integrity": "sha512-xEVjkZ4iQ6uPTkUqBC0Cs7Ptf662m0esElkibQTXX43hTF8c3p3fDpLylP50/PjqXdgiQqVkgaRaSCkhDd1PwA==",
      "dev": true,
      "bin": {
        "abaplint": "abaplint"
      },
      "engines": {
        "node": ">=12.0.0"
      },
      "funding": {
        "url": "https://github.com/sponsors/larshp"
      }
    },
    "node_modules/@abaplint/database-sqlite": {
      "version": "2.7.144",
      "resolved": "https://registry.npmjs.org/@abaplint/database-sqlite/-/database-sqlite-2.7.144.tgz",
      "integrity": "sha512-4zqj/IdnNhAHD9yaQE4e3+VDZKJetlZJa53FKChctagQLK1R5hrcEHb6tHmLjIC41EEaEbVnTQ6hFu7ev3pj6g==",
      "dev": true,
      "dependencies": {
        "sql.js": "^1.10.2"
      }
    },
    "node_modules/@abaplint/runtime": {
      "version": "2.7.158",
      "resolved": "https://registry.npmjs.org/@abaplint/runtime/-/runtime-2.7.158.tgz",
      "integrity": "sha512-ObsyhBnI+80+m+7LiBCm18nzNArBqdqdTSBk3LpnA+tDmMctq4ylmJq78ZOflJj3IEaonJ2P+oNgLhhC4K1W9Q==",
      "dev": true,
      "dependencies": {
        "temporal-polyfill": "^0.2.1"
      },
      "funding": {
        "url": "https://github.com/sponsors/larshp"
      }
    },
    "node_modules/@abaplint/transpiler-cli": {
      "version": "2.7.158",
      "resolved": "https://registry.npmjs.org/@abaplint/transpiler-cli/-/transpiler-cli-2.7.158.tgz",
      "integrity": "sha512-dAEEW8x0a5T3zBbtDkD0a0mZH750YC1CnQrA3f+BW8UQUpjiiZfMVtP5HWj5I5sMN7XRe2C0zF6969yyCxPq+g==",
      "dev": true,
      "bin": {
        "abap_transpile": "abap_transpile"
      },
      "funding": {
        "url": "https://github.com/sponsors/larshp"
      }
    },
    "node_modules/sql.js": {
      "version": "1.10.2",
      "resolved": "https://registry.npmjs.org/sql.js/-/sql.js-1.10.2.tgz",
      "integrity": "sha512-jnKFtdHxuVUNgu1vHwFoTjjwfTuVDVqzGpw7H05Zq3YMNMDOpLFyFGvpgTRIQGd/mqcYntuMy7iygYCytD62jQ==",
      "dev": true
    },
    "node_modules/temporal-polyfill": {
      "version": "0.2.1",
      "resolved": "https://registry.npmjs.org/temporal-polyfill/-/temporal-polyfill-0.2.1.tgz",
      "integrity": "sha512-JaCnPrUY0NkisdARpjbYIZ1P1Nt/Bhe7gRxEcboKJZnMkjtjLnmpDjQ8jM6mtpm/KUt4B3ijkkphlX2wKybX1g==",
      "dev": true,
      "dependencies": {
        "temporal-spec": "^0.2.0"
      }
    },
    "node_modules/temporal-spec": {
      "version": "0.2.0",
      "resolved": "https://registry.npmjs.org/temporal-spec/-/temporal-spec-0.2.0.tgz",
      "integrity": "sha512-r1AT0XdEp8TMQ13FLvOt8mOtAxDQsRt2QU5rSWCA7YfshddU651Y1NHVrceLANvixKdf9fYO8B/S9fXHodB7HQ==",
      "dev": true
    }
  },
  "dependencies": {
    "@abaplint/cli": {
      "version": "2.105.18",
      "resolved": "https://registry.npmjs.org/@abaplint/cli/-/cli-2.105.18.tgz",
      "integrity": "sha512-xEVjkZ4iQ6uPTkUqBC0Cs7Ptf662m0esElkibQTXX43hTF8c3p3fDpLylP50/PjqXdgiQqVkgaRaSCkhDd1PwA==",
      "dev": true
    },
    "@abaplint/database-sqlite": {
      "version": "2.7.144",
      "resolved": "https://registry.npmjs.org/@abaplint/database-sqlite/-/database-sqlite-2.7.144.tgz",
      "integrity": "sha512-4zqj/IdnNhAHD9yaQE4e3+VDZKJetlZJa53FKChctagQLK1R5hrcEHb6tHmLjIC41EEaEbVnTQ6hFu7ev3pj6g==",
      "dev": true,
      "requires": {
        "sql.js": "^1.10.2"
      }
    },
    "@abaplint/runtime": {
      "version": "2.7.158",
      "resolved": "https://registry.npmjs.org/@abaplint/runtime/-/runtime-2.7.158.tgz",
      "integrity": "sha512-ObsyhBnI+80+m+7LiBCm18nzNArBqdqdTSBk3LpnA+tDmMctq4ylmJq78ZOflJj3IEaonJ2P+oNgLhhC4K1W9Q==",
      "dev": true,
      "requires": {
        "temporal-polyfill": "^0.2.1"
      }
    },
    "@abaplint/transpiler-cli": {
      "version": "2.7.158",
      "resolved": "https://registry.npmjs.org/@abaplint/transpiler-cli/-/transpiler-cli-2.7.158.tgz",
      "integrity": "sha512-dAEEW8x0a5T3zBbtDkD0a0mZH750YC1CnQrA3f+BW8UQUpjiiZfMVtP5HWj5I5sMN7XRe2C0zF6969yyCxPq+g==",
      "dev": true
    },
    "sql.js": {
      "version": "1.10.2",
      "resolved": "https://registry.npmjs.org/sql.js/-/sql.js-1.10.2.tgz",
      "integrity": "sha512-jnKFtdHxuVUNgu1vHwFoTjjwfTuVDVqzGpw7H05Zq3YMNMDOpLFyFGvpgTRIQGd/mqcYntuMy7iygYCytD62jQ==",
      "dev": true
    },
    "temporal-polyfill": {
      "version": "0.2.1",
      "resolved": "https://registry.npmjs.org/temporal-polyfill/-/temporal-polyfill-0.2.1.tgz",
      "integrity": "sha512-JaCnPrUY0NkisdARpjbYIZ1P1Nt/Bhe7gRxEcboKJZnMkjtjLnmpDjQ8jM6mtpm/KUt4B3ijkkphlX2wKybX1g==",
      "dev": true,
      "requires": {
        "temporal-spec": "^0.2.0"
      }
    },
    "temporal-spec": {
      "version": "0.2.0",
      "resolved": "https://registry.npmjs.org/temporal-spec/-/temporal-spec-0.2.0.tgz",
      "integrity": "sha512-r1AT0XdEp8TMQ13FLvOt8mOtAxDQsRt2QU5rSWCA7YfshddU651Y1NHVrceLANvixKdf9fYO8B/S9fXHodB7HQ==",
      "dev": true
    }
  }
}
